// !$*UTF8*$!
{
	archiveVersion = 1;
	classes = {
	};
	objectVersion = 77;
	objects = {

/* Begin PBXBuildFile section */
		8B962CB52DAEEA80006558C7 /* ScreenTime.entitlements in Resources */ = {isa = PBXBuildFile; fileRef = 8B962CB42DAEEA80006558C7 /* ScreenTime.entitlements */; };
		8B962CCC2DAEFBB6006558C7 /* KeeperUsageReport.appex in Embed ExtensionKit Extensions */ = {isa = PBXBuildFile; fileRef = 8B962CC02DAEFBB6006558C7 /* KeeperUsageReport.appex */; settings = {ATTRIBUTES = (RemoveHeadersOnCopy, ); }; };
/* End PBXBuildFile section */

/* Begin PBXContainerItemProxy section */
		8B962CCA2DAEFBB6006558C7 /* PBXContainerItemProxy */ = {
			isa = PBXContainerItemProxy;
			containerPortal = 8BA258E62DADCA0400E44C3E /* Project object */;
			proxyType = 1;
			remoteGlobalIDString = 8B962CBF2DAEFBB6006558C7;
			remoteInfo = KeeperUsageReport;
		};
		8BA258FC2DADCA0500E44C3E /* PBXContainerItemProxy */ = {
			isa = PBXContainerItemProxy;
			containerPortal = 8BA258E62DADCA0400E44C3E /* Project object */;
			proxyType = 1;
			remoteGlobalIDString = 8BA258ED2DADCA0400E44C3E;
			remoteInfo = Keeper;
		};
		8BA259062DADCA0500E44C3E /* PBXContainerItemProxy */ = {
			isa = PBXContainerItemProxy;
			containerPortal = 8BA258E62DADCA0400E44C3E /* Project object */;
			proxyType = 1;
			remoteGlobalIDString = 8BA258ED2DADCA0400E44C3E;
			remoteInfo = Keeper;
		};
/* End PBXContainerItemProxy section */

/* Begin PBXCopyFilesBuildPhase section */
		8B962CD12DAEFBB6006558C7 /* Embed ExtensionKit Extensions */ = {
			isa = PBXCopyFilesBuildPhase;
			buildActionMask = 2147483647;
			dstPath = "$(EXTENSIONS_FOLDER_PATH)";
			dstSubfolderSpec = 16;
			files = (
				8B962CCC2DAEFBB6006558C7 /* KeeperUsageReport.appex in Embed ExtensionKit Extensions */,
			);
			name = "Embed ExtensionKit Extensions";
			runOnlyForDeploymentPostprocessing = 0;
		};
/* End PBXCopyFilesBuildPhase section */

/* Begin PBXFileReference section */
		8B962CB42DAEEA80006558C7 /* ScreenTime.entitlements */ = {isa = PBXFileReference; lastKnownFileType = text.plist.entitlements; path = ScreenTime.entitlements; sourceTree = "<group>"; };
		8B962CC02DAEFBB6006558C7 /* KeeperUsageReport.appex */ = {isa = PBXFileReference; explicitFileType = "wrapper.extensionkit-extension"; includeInIndex = 0; path = KeeperUsageReport.appex; sourceTree = BUILT_PRODUCTS_DIR; };
		8BA258EE2DADCA0400E44C3E /* Keeper.app */ = {isa = PBXFileReference; explicitFileType = wrapper.application; includeInIndex = 0; path = Keeper.app; sourceTree = BUILT_PRODUCTS_DIR; };
		8BA258FB2DADCA0500E44C3E /* KeeperTests.xctest */ = {isa = PBXFileReference; explicitFileType = wrapper.cfbundle; includeInIndex = 0; path = KeeperTests.xctest; sourceTree = BUILT_PRODUCTS_DIR; };
		8BA259052DADCA0500E44C3E /* KeeperUITests.xctest */ = {isa = PBXFileReference; explicitFileType = wrapper.cfbundle; includeInIndex = 0; path = KeeperUITests.xctest; sourceTree = BUILT_PRODUCTS_DIR; };
/* End PBXFileReference section */

/* Begin PBXFileSystemSynchronizedBuildFileExceptionSet section */
		8B962CCD2DAEFBB6006558C7 /* Exceptions for "KeeperUsageReport" folder in "KeeperUsageReport" target */ = {
			isa = PBXFileSystemSynchronizedBuildFileExceptionSet;
			membershipExceptions = (
				Info.plist,
			);
			target = 8B962CBF2DAEFBB6006558C7 /* KeeperUsageReport */;
		};
/* End PBXFileSystemSynchronizedBuildFileExceptionSet section */

/* Begin PBXFileSystemSynchronizedRootGroup section */
		8B962CC12DAEFBB6006558C7 /* KeeperUsageReport */ = {
			isa = PBXFileSystemSynchronizedRootGroup;
			exceptions = (
				8B962CCD2DAEFBB6006558C7 /* Exceptions for "KeeperUsageReport" folder in "KeeperUsageReport" target */,
			);
			path = KeeperUsageReport;
			sourceTree = "<group>";
		};
		8BA258F02DADCA0400E44C3E /* Keeper */ = {
			isa = PBXFileSystemSynchronizedRootGroup;
			path = Keeper;
			sourceTree = "<group>";
		};
		8BA258FE2DADCA0500E44C3E /* KeeperTests */ = {
			isa = PBXFileSystemSynchronizedRootGroup;
			path = KeeperTests;
			sourceTree = "<group>";
		};
		8BA259082DADCA0500E44C3E /* KeeperUITests */ = {
			isa = PBXFileSystemSynchronizedRootGroup;
			path = KeeperUITests;
			sourceTree = "<group>";
		};
/* End PBXFileSystemSynchronizedRootGroup section */

/* Begin PBXFrameworksBuildPhase section */
		8B962CBD2DAEFBB6006558C7 /* Frameworks */ = {
			isa = PBXFrameworksBuildPhase;
			buildActionMask = 2147483647;
			files = (
			);
			runOnlyForDeploymentPostprocessing = 0;
		};
		8BA258EB2DADCA0400E44C3E /* Frameworks */ = {
			isa = PBXFrameworksBuildPhase;
			buildActionMask = 2147483647;
			files = (
			);
			runOnlyForDeploymentPostprocessing = 0;
		};
		8BA258F82DADCA0500E44C3E /* Frameworks */ = {
			isa = PBXFrameworksBuildPhase;
			buildActionMask = 2147483647;
			files = (
			);
			runOnlyForDeploymentPostprocessing = 0;
		};
		8BA259022DADCA0500E44C3E /* Frameworks */ = {
			isa = PBXFrameworksBuildPhase;
			buildActionMask = 2147483647;
			files = (
			);
			runOnlyForDeploymentPostprocessing = 0;
		};
/* End PBXFrameworksBuildPhase section */

/* Begin PBXGroup section */
		8BA258E52DADCA0400E44C3E = {
			isa = PBXGroup;
			children = (
				8B962CB42DAEEA80006558C7 /* ScreenTime.entitlements */,
				8BA258F02DADCA0400E44C3E /* Keeper */,
				8BA258FE2DADCA0500E44C3E /* KeeperTests */,
				8BA259082DADCA0500E44C3E /* KeeperUITests */,
				8B962CC12DAEFBB6006558C7 /* KeeperUsageReport */,
				8BA258EF2DADCA0400E44C3E /* Products */,
			);
			sourceTree = "<group>";
		};
		8BA258EF2DADCA0400E44C3E /* Products */ = {
			isa = PBXGroup;
			children = (
				8BA258EE2DADCA0400E44C3E /* Keeper.app */,
				8BA258FB2DADCA0500E44C3E /* KeeperTests.xctest */,
				8BA259052DADCA0500E44C3E /* KeeperUITests.xctest */,
				8B962CC02DAEFBB6006558C7 /* KeeperUsageReport.appex */,
			);
			name = Products;
			sourceTree = "<group>";
		};
/* End PBXGroup section */

/* Begin PBXNativeTarget section */
		8B962CBF2DAEFBB6006558C7 /* KeeperUsageReport */ = {
			isa = PBXNativeTarget;
			buildConfigurationList = 8B962CCE2DAEFBB6006558C7 /* Build configuration list for PBXNativeTarget "KeeperUsageReport" */;
			buildPhases = (
				8B962CBC2DAEFBB6006558C7 /* Sources */,
				8B962CBD2DAEFBB6006558C7 /* Frameworks */,
				8B962CBE2DAEFBB6006558C7 /* Resources */,
			);
			buildRules = (
			);
			dependencies = (
			);
			fileSystemSynchronizedGroups = (
				8B962CC12DAEFBB6006558C7 /* KeeperUsageReport */,
			);
			name = KeeperUsageReport;
			packageProductDependencies = (
			);
			productName = KeeperUsageReport;
			productReference = 8B962CC02DAEFBB6006558C7 /* KeeperUsageReport.appex */;
			productType = "com.apple.product-type.extensionkit-extension";
		};
		8BA258ED2DADCA0400E44C3E /* Keeper */ = {
			isa = PBXNativeTarget;
			buildConfigurationList = 8BA2590F2DADCA0500E44C3E /* Build configuration list for PBXNativeTarget "Keeper" */;
			buildPhases = (
				8BA258EA2DADCA0400E44C3E /* Sources */,
				8BA258EB2DADCA0400E44C3E /* Frameworks */,
				8BA258EC2DADCA0400E44C3E /* Resources */,
				8B962CD12DAEFBB6006558C7 /* Embed ExtensionKit Extensions */,
			);
			buildRules = (
			);
			dependencies = (
				8B962CCB2DAEFBB6006558C7 /* PBXTargetDependency */,
			);
			fileSystemSynchronizedGroups = (
				8BA258F02DADCA0400E44C3E /* Keeper */,
			);
			name = Keeper;
			packageProductDependencies = (
			);
			productName = Keeper;
			productReference = 8BA258EE2DADCA0400E44C3E /* Keeper.app */;
			productType = "com.apple.product-type.application";
		};
		8BA258FA2DADCA0500E44C3E /* KeeperTests */ = {
			isa = PBXNativeTarget;
			buildConfigurationList = 8BA259122DADCA0500E44C3E /* Build configuration list for PBXNativeTarget "KeeperTests" */;
			buildPhases = (
				8BA258F72DADCA0500E44C3E /* Sources */,
				8BA258F82DADCA0500E44C3E /* Frameworks */,
				8BA258F92DADCA0500E44C3E /* Resources */,
			);
			buildRules = (
			);
			dependencies = (
				8BA258FD2DADCA0500E44C3E /* PBXTargetDependency */,
			);
			fileSystemSynchronizedGroups = (
				8BA258FE2DADCA0500E44C3E /* KeeperTests */,
			);
			name = KeeperTests;
			packageProductDependencies = (
			);
			productName = KeeperTests;
			productReference = 8BA258FB2DADCA0500E44C3E /* KeeperTests.xctest */;
			productType = "com.apple.product-type.bundle.unit-test";
		};
		8BA259042DADCA0500E44C3E /* KeeperUITests */ = {
			isa = PBXNativeTarget;
			buildConfigurationList = 8BA259152DADCA0500E44C3E /* Build configuration list for PBXNativeTarget "KeeperUITests" */;
			buildPhases = (
				8BA259012DADCA0500E44C3E /* Sources */,
				8BA259022DADCA0500E44C3E /* Frameworks */,
				8BA259032DADCA0500E44C3E /* Resources */,
			);
			buildRules = (
			);
			dependencies = (
				8BA259072DADCA0500E44C3E /* PBXTargetDependency */,
			);
			fileSystemSynchronizedGroups = (
				8BA259082DADCA0500E44C3E /* KeeperUITests */,
			);
			name = KeeperUITests;
			packageProductDependencies = (
			);
			productName = KeeperUITests;
			productReference = 8BA259052DADCA0500E44C3E /* KeeperUITests.xctest */;
			productType = "com.apple.product-type.bundle.ui-testing";
		};
/* End PBXNativeTarget section */

/* Begin PBXProject section */
		8BA258E62DADCA0400E44C3E /* Project object */ = {
			isa = PBXProject;
			attributes = {
				BuildIndependentTargetsInParallel = 1;
				LastSwiftUpdateCheck = 1630;
				LastUpgradeCheck = 1630;
				TargetAttributes = {
					8B962CBF2DAEFBB6006558C7 = {
						CreatedOnToolsVersion = 16.3;
					};
					8BA258ED2DADCA0400E44C3E = {
						CreatedOnToolsVersion = 16.3;
					};
					8BA258FA2DADCA0500E44C3E = {
						CreatedOnToolsVersion = 16.3;
						TestTargetID = 8BA258ED2DADCA0400E44C3E;
					};
					8BA259042DADCA0500E44C3E = {
						CreatedOnToolsVersion = 16.3;
						TestTargetID = 8BA258ED2DADCA0400E44C3E;
					};
				};
			};
			buildConfigurationList = 8BA258E92DADCA0400E44C3E /* Build configuration list for PBXProject "Keeper" */;
			developmentRegion = en;
			hasScannedForEncodings = 0;
			knownRegions = (
				en,
				Base,
			);
			mainGroup = 8BA258E52DADCA0400E44C3E;
			minimizedProjectReferenceProxies = 1;
			preferredProjectObjectVersion = 77;
			productRefGroup = 8BA258EF2DADCA0400E44C3E /* Products */;
			projectDirPath = "";
			projectRoot = "";
			targets = (
				8BA258ED2DADCA0400E44C3E /* Keeper */,
				8BA258FA2DADCA0500E44C3E /* KeeperTests */,
				8BA259042DADCA0500E44C3E /* KeeperUITests */,
				8B962CBF2DAEFBB6006558C7 /* KeeperUsageReport */,
			);
		};
/* End PBXProject section */

/* Begin PBXResourcesBuildPhase section */
		8B962CBE2DAEFBB6006558C7 /* Resources */ = {
			isa = PBXResourcesBuildPhase;
			buildActionMask = 2147483647;
			files = (
			);
			runOnlyForDeploymentPostprocessing = 0;
		};
		8BA258EC2DADCA0400E44C3E /* Resources */ = {
			isa = PBXResourcesBuildPhase;
			buildActionMask = 2147483647;
			files = (
				8B962CB52DAEEA80006558C7 /* ScreenTime.entitlements in Resources */,
			);
			runOnlyForDeploymentPostprocessing = 0;
		};
		8BA258F92DADCA0500E44C3E /* Resources */ = {
			isa = PBXResourcesBuildPhase;
			buildActionMask = 2147483647;
			files = (
			);
			runOnlyForDeploymentPostprocessing = 0;
		};
		8BA259032DADCA0500E44C3E /* Resources */ = {
			isa = PBXResourcesBuildPhase;
			buildActionMask = 2147483647;
			files = (
			);
			runOnlyForDeploymentPostprocessing = 0;
		};
/* End PBXResourcesBuildPhase section */

/* Begin PBXSourcesBuildPhase section */
		8B962CBC2DAEFBB6006558C7 /* Sources */ = {
			isa = PBXSourcesBuildPhase;
			buildActionMask = 2147483647;
			files = (
			);
			runOnlyForDeploymentPostprocessing = 0;
		};
		8BA258EA2DADCA0400E44C3E /* Sources */ = {
			isa = PBXSourcesBuildPhase;
			buildActionMask = 2147483647;
			files = (
			);
			runOnlyForDeploymentPostprocessing = 0;
		};
		8BA258F72DADCA0500E44C3E /* Sources */ = {
			isa = PBXSourcesBuildPhase;
			buildActionMask = 2147483647;
			files = (
			);
			runOnlyForDeploymentPostprocessing = 0;
		};
		8BA259012DADCA0500E44C3E /* Sources */ = {
			isa = PBXSourcesBuildPhase;
			buildActionMask = 2147483647;
			files = (
			);
			runOnlyForDeploymentPostprocessing = 0;
		};
/* End PBXSourcesBuildPhase section */

/* Begin PBXTargetDependency section */
		8B962CCB2DAEFBB6006558C7 /* PBXTargetDependency */ = {
			isa = PBXTargetDependency;
			target = 8B962CBF2DAEFBB6006558C7 /* KeeperUsageReport */;
			targetProxy = 8B962CCA2DAEFBB6006558C7 /* PBXContainerItemProxy */;
		};
		8BA258FD2DADCA0500E44C3E /* PBXTargetDependency */ = {
			isa = PBXTargetDependency;
			target = 8BA258ED2DADCA0400E44C3E /* Keeper */;
			targetProxy = 8BA258FC2DADCA0500E44C3E /* PBXContainerItemProxy */;
		};
		8BA259072DADCA0500E44C3E /* PBXTargetDependency */ = {
			isa = PBXTargetDependency;
			target = 8BA258ED2DADCA0400E44C3E /* Keeper */;
			targetProxy = 8BA259062DADCA0500E44C3E /* PBXContainerItemProxy */;
		};
/* End PBXTargetDependency section */

/* Begin XCBuildConfiguration section */
		8B962CCF2DAEFBB6006558C7 /* Debug */ = {
			isa = XCBuildConfiguration;
			buildSettings = {
				CODE_SIGN_ENTITLEMENTS = KeeperUsageReport/KeeperUsageReport.entitlements;
				CODE_SIGN_STYLE = Automatic;
				CURRENT_PROJECT_VERSION = 1;
				DEVELOPMENT_TEAM = T32N9X64JM;
				GENERATE_INFOPLIST_FILE = YES;
				INFOPLIST_FILE = KeeperUsageReport/Info.plist;
				INFOPLIST_KEY_CFBundleDisplayName = KeeperUsageReport;
				INFOPLIST_KEY_NSHumanReadableCopyright = "";
				LD_RUNPATH_SEARCH_PATHS = (
					"$(inherited)",
					"@executable_path/Frameworks",
					"@executable_path/../../Frameworks",
				);
				MARKETING_VERSION = 1.0;
				PRODUCT_BUNDLE_IDENTIFIER = com.tannerflake.Keeper.KeeperUsageReport;
				PRODUCT_NAME = "$(TARGET_NAME)";
				SKIP_INSTALL = YES;
				SWIFT_EMIT_LOC_STRINGS = YES;
				SWIFT_VERSION = 5.0;
				TARGETED_DEVICE_FAMILY = "1,2";
			};
			name = Debug;
		};
		8B962CD02DAEFBB6006558C7 /* Release */ = {
			isa = XCBuildConfiguration;
			buildSettings = {
				CODE_SIGN_ENTITLEMENTS = KeeperUsageReport/KeeperUsageReport.entitlements;
				CODE_SIGN_STYLE = Automatic;
				CURRENT_PROJECT_VERSION = 1;
				DEVELOPMENT_TEAM = T32N9X64JM;
				GENERATE_INFOPLIST_FILE = YES;
				INFOPLIST_FILE = KeeperUsageReport/Info.plist;
				INFOPLIST_KEY_CFBundleDisplayName = KeeperUsageReport;
				INFOPLIST_KEY_NSHumanReadableCopyright = "";
				LD_RUNPATH_SEARCH_PATHS = (
					"$(inherited)",
					"@executable_path/Frameworks",
					"@executable_path/../../Frameworks",
				);
				MARKETING_VERSION = 1.0;
				PRODUCT_BUNDLE_IDENTIFIER = com.tannerflake.Keeper.KeeperUsageReport;
				PRODUCT_NAME = "$(TARGET_NAME)";
				SKIP_INSTALL = YES;
				SWIFT_EMIT_LOC_STRINGS = YES;
				SWIFT_VERSION = 5.0;
				TARGETED_DEVICE_FAMILY = "1,2";
			};
			name = Release;
		};
		8BA2590D2DADCA0500E44C3E /* Debug */ = {
			isa = XCBuildConfiguration;
			buildSettings = {
				ALWAYS_SEARCH_USER_PATHS = NO;
				ASSETCATALOG_COMPILER_GENERATE_SWIFT_ASSET_SYMBOL_EXTENSIONS = YES;
				CLANG_ANALYZER_NONNULL = YES;
				CLANG_ANALYZER_NUMBER_OBJECT_CONVERSION = YES_AGGRESSIVE;
				CLANG_CXX_LANGUAGE_STANDARD = "gnu++20";
				CLANG_ENABLE_MODULES = YES;
				CLANG_ENABLE_OBJC_ARC = YES;
				CLANG_ENABLE_OBJC_WEAK = YES;
				CLANG_WARN_BLOCK_CAPTURE_AUTORELEASING = YES;
				CLANG_WARN_BOOL_CONVERSION = YES;
				CLANG_WARN_COMMA = YES;
				CLANG_WARN_CONSTANT_CONVERSION = YES;
				CLANG_WARN_DEPRECATED_OBJC_IMPLEMENTATIONS = YES;
				CLANG_WARN_DIRECT_OBJC_ISA_USAGE = YES_ERROR;
				CLANG_WARN_DOCUMENTATION_COMMENTS = YES;
				CLANG_WARN_EMPTY_BODY = YES;
				CLANG_WARN_ENUM_CONVERSION = YES;
				CLANG_WARN_INFINITE_RECURSION = YES;
				CLANG_WARN_INT_CONVERSION = YES;
				CLANG_WARN_NON_LITERAL_NULL_CONVERSION = YES;
				CLANG_WARN_OBJC_IMPLICIT_RETAIN_SELF = YES;
				CLANG_WARN_OBJC_LITERAL_CONVERSION = YES;
				CLANG_WARN_OBJC_ROOT_CLASS = YES_ERROR;
				CLANG_WARN_QUOTED_INCLUDE_IN_FRAMEWORK_HEADER = YES;
				CLANG_WARN_RANGE_LOOP_ANALYSIS = YES;
				CLANG_WARN_STRICT_PROTOTYPES = YES;
				CLANG_WARN_SUSPICIOUS_MOVE = YES;
				CLANG_WARN_UNGUARDED_AVAILABILITY = YES_AGGRESSIVE;
				CLANG_WARN_UNREACHABLE_CODE = YES;
				CLANG_WARN__DUPLICATE_METHOD_MATCH = YES;
				COPY_PHASE_STRIP = NO;
				DEBUG_INFORMATION_FORMAT = dwarf;
				DEVELOPMENT_TEAM = T32N9X64JM;
				ENABLE_STRICT_OBJC_MSGSEND = YES;
				ENABLE_TESTABILITY = YES;
				ENABLE_USER_SCRIPT_SANDBOXING = YES;
				GCC_C_LANGUAGE_STANDARD = gnu17;
				GCC_DYNAMIC_NO_PIC = NO;
				GCC_NO_COMMON_BLOCKS = YES;
				GCC_OPTIMIZATION_LEVEL = 0;
				GCC_PREPROCESSOR_DEFINITIONS = (
					"DEBUG=1",
					"$(inherited)",
				);
				GCC_WARN_64_TO_32_BIT_CONVERSION = YES;
				GCC_WARN_ABOUT_RETURN_TYPE = YES_ERROR;
				GCC_WARN_UNDECLARED_SELECTOR = YES;
				GCC_WARN_UNINITIALIZED_AUTOS = YES_AGGRESSIVE;
				GCC_WARN_UNUSED_FUNCTION = YES;
				GCC_WARN_UNUSED_VARIABLE = YES;
				IPHONEOS_DEPLOYMENT_TARGET = 18.4;
				LOCALIZATION_PREFERS_STRING_CATALOGS = YES;
				MTL_ENABLE_DEBUG_INFO = INCLUDE_SOURCE;
				MTL_FAST_MATH = YES;
				ONLY_ACTIVE_ARCH = YES;
				SDKROOT = iphoneos;
				SWIFT_ACTIVE_COMPILATION_CONDITIONS = "DEBUG $(inherited)";
				SWIFT_OPTIMIZATION_LEVEL = "-Onone";
			};
			name = Debug;
		};
		8BA2590E2DADCA0500E44C3E /* Release */ = {
			isa = XCBuildConfiguration;
			buildSettings = {
				ALWAYS_SEARCH_USER_PATHS = NO;
				ASSETCATALOG_COMPILER_GENERATE_SWIFT_ASSET_SYMBOL_EXTENSIONS = YES;
				CLANG_ANALYZER_NONNULL = YES;
				CLANG_ANALYZER_NUMBER_OBJECT_CONVERSION = YES_AGGRESSIVE;
				CLANG_CXX_LANGUAGE_STANDARD = "gnu++20";
				CLANG_ENABLE_MODULES = YES;
				CLANG_ENABLE_OBJC_ARC = YES;
				CLANG_ENABLE_OBJC_WEAK = YES;
				CLANG_WARN_BLOCK_CAPTURE_AUTORELEASING = YES;
				CLANG_WARN_BOOL_CONVERSION = YES;
				CLANG_WARN_COMMA = YES;
				CLANG_WARN_CONSTANT_CONVERSION = YES;
				CLANG_WARN_DEPRECATED_OBJC_IMPLEMENTATIONS = YES;
				CLANG_WARN_DIRECT_OBJC_ISA_USAGE = YES_ERROR;
				CLANG_WARN_DOCUMENTATION_COMMENTS = YES;
				CLANG_WARN_EMPTY_BODY = YES;
				CLANG_WARN_ENUM_CONVERSION = YES;
				CLANG_WARN_INFINITE_RECURSION = YES;
				CLANG_WARN_INT_CONVERSION = YES;
				CLANG_WARN_NON_LITERAL_NULL_CONVERSION = YES;
				CLANG_WARN_OBJC_IMPLICIT_RETAIN_SELF = YES;
				CLANG_WARN_OBJC_LITERAL_CONVERSION = YES;
				CLANG_WARN_OBJC_ROOT_CLASS = YES_ERROR;
				CLANG_WARN_QUOTED_INCLUDE_IN_FRAMEWORK_HEADER = YES;
				CLANG_WARN_RANGE_LOOP_ANALYSIS = YES;
				CLANG_WARN_STRICT_PROTOTYPES = YES;
				CLANG_WARN_SUSPICIOUS_MOVE = YES;
				CLANG_WARN_UNGUARDED_AVAILABILITY = YES_AGGRESSIVE;
				CLANG_WARN_UNREACHABLE_CODE = YES;
				CLANG_WARN__DUPLICATE_METHOD_MATCH = YES;
				COPY_PHASE_STRIP = NO;
				DEBUG_INFORMATION_FORMAT = "dwarf-with-dsym";
				DEVELOPMENT_TEAM = T32N9X64JM;
				ENABLE_NS_ASSERTIONS = NO;
				ENABLE_STRICT_OBJC_MSGSEND = YES;
				ENABLE_USER_SCRIPT_SANDBOXING = YES;
				GCC_C_LANGUAGE_STANDARD = gnu17;
				GCC_NO_COMMON_BLOCKS = YES;
				GCC_WARN_64_TO_32_BIT_CONVERSION = YES;
				GCC_WARN_ABOUT_RETURN_TYPE = YES_ERROR;
				GCC_WARN_UNDECLARED_SELECTOR = YES;
				GCC_WARN_UNINITIALIZED_AUTOS = YES_AGGRESSIVE;
				GCC_WARN_UNUSED_FUNCTION = YES;
				GCC_WARN_UNUSED_VARIABLE = YES;
				IPHONEOS_DEPLOYMENT_TARGET = 18.4;
				LOCALIZATION_PREFERS_STRING_CATALOGS = YES;
				MTL_ENABLE_DEBUG_INFO = NO;
				MTL_FAST_MATH = YES;
				SDKROOT = iphoneos;
				SWIFT_COMPILATION_MODE = wholemodule;
				VALIDATE_PRODUCT = YES;
			};
			name = Release;
		};
		8BA259102DADCA0500E44C3E /* Debug */ = {
			isa = XCBuildConfiguration;
			buildSettings = {
				ASSETCATALOG_COMPILER_APPICON_NAME = AppIcon;
				ASSETCATALOG_COMPILER_GLOBAL_ACCENT_COLOR_NAME = AccentColor;
				CODE_SIGN_ENTITLEMENTS = ScreenTime.entitlements;
				CODE_SIGN_STYLE = Automatic;
				CURRENT_PROJECT_VERSION = 1;
				DEVELOPMENT_TEAM = T32N9X64JM;
				ENABLE_PREVIEWS = YES;
				GENERATE_INFOPLIST_FILE = YES;
				INFOPLIST_KEY_UIApplicationSceneManifest_Generation = YES;
				INFOPLIST_KEY_UIApplicationSupportsIndirectInputEvents = YES;
				INFOPLIST_KEY_UILaunchScreen_Generation = YES;
				INFOPLIST_KEY_UISupportedInterfaceOrientations_iPad = "UIInterfaceOrientationPortrait UIInterfaceOrientationPortraitUpsideDown UIInterfaceOrientationLandscapeLeft UIInterfaceOrientationLandscapeRight";
				INFOPLIST_KEY_UISupportedInterfaceOrientations_iPhone = "UIInterfaceOrientationPortrait UIInterfaceOrientationLandscapeLeft UIInterfaceOrientationLandscapeRight";
				IPHONEOS_DEPLOYMENT_TARGET = 16.6;
				LD_RUNPATH_SEARCH_PATHS = (
					"$(inherited)",
					"@executable_path/Frameworks",
				);
				MARKETING_VERSION = 1.0;
				PRODUCT_BUNDLE_IDENTIFIER = com.tannerflake.Keeper;
				PRODUCT_NAME = "$(TARGET_NAME)";
				SWIFT_EMIT_LOC_STRINGS = YES;
				SWIFT_VERSION = 5.0;
				TARGETED_DEVICE_FAMILY = "1,2";
			};
			name = Debug;
		};
		8BA259112DADCA0500E44C3E /* Release */ = {
			isa = XCBuildConfiguration;
			buildSettings = {
				ASSETCATALOG_COMPILER_APPICON_NAME = AppIcon;
				ASSETCATALOG_COMPILER_GLOBAL_ACCENT_COLOR_NAME = AccentColor;
				CODE_SIGN_ENTITLEMENTS = ScreenTime.entitlements;
				CODE_SIGN_STYLE = Automatic;
				CURRENT_PROJECT_VERSION = 1;
				DEVELOPMENT_TEAM = T32N9X64JM;
				ENABLE_PREVIEWS = YES;
				GENERATE_INFOPLIST_FILE = YES;
				INFOPLIST_KEY_UIApplicationSceneManifest_Generation = YES;
				INFOPLIST_KEY_UIApplicationSupportsIndirectInputEvents = YES;
				INFOPLIST_KEY_UILaunchScreen_Generation = YES;
				INFOPLIST_KEY_UISupportedInterfaceOrientations_iPad = "UIInterfaceOrientationPortrait UIInterfaceOrientationPortraitUpsideDown UIInterfaceOrientationLandscapeLeft UIInterfaceOrientationLandscapeRight";
				INFOPLIST_KEY_UISupportedInterfaceOrientations_iPhone = "UIInterfaceOrientationPortrait UIInterfaceOrientationLandscapeLeft UIInterfaceOrientationLandscapeRight";
				IPHONEOS_DEPLOYMENT_TARGET = 16.6;
				LD_RUNPATH_SEARCH_PATHS = (
					"$(inherited)",
					"@executable_path/Frameworks",
				);
				MARKETING_VERSION = 1.0;
				PRODUCT_BUNDLE_IDENTIFIER = com.tannerflake.Keeper;
				PRODUCT_NAME = "$(TARGET_NAME)";
				SWIFT_EMIT_LOC_STRINGS = YES;
				SWIFT_VERSION = 5.0;
				TARGETED_DEVICE_FAMILY = "1,2";
			};
			name = Release;
		};
		8BA259132DADCA0500E44C3E /* Debug */ = {
			isa = XCBuildConfiguration;
			buildSettings = {
				BUNDLE_LOADER = "$(TEST_HOST)";
				CODE_SIGN_STYLE = Automatic;
				CURRENT_PROJECT_VERSION = 1;
				DEVELOPMENT_TEAM = T32N9X64JM;
				GENERATE_INFOPLIST_FILE = YES;
				IPHONEOS_DEPLOYMENT_TARGET = 18.4;
				MARKETING_VERSION = 1.0;
				PRODUCT_BUNDLE_IDENTIFIER = com.tannerflake.KeeperTests;
				PRODUCT_NAME = "$(TARGET_NAME)";
				SWIFT_EMIT_LOC_STRINGS = NO;
				SWIFT_VERSION = 5.0;
				TARGETED_DEVICE_FAMILY = "1,2";
				TEST_HOST = "$(BUILT_PRODUCTS_DIR)/Keeper.app/$(BUNDLE_EXECUTABLE_FOLDER_PATH)/Keeper";
			};
			name = Debug;
		};
		8BA259142DADCA0500E44C3E /* Release */ = {
			isa = XCBuildConfiguration;
			buildSettings = {
				BUNDLE_LOADER = "$(TEST_HOST)";
				CODE_SIGN_STYLE = Automatic;
				CURRENT_PROJECT_VERSION = 1;
				DEVELOPMENT_TEAM = T32N9X64JM;
				GENERATE_INFOPLIST_FILE = YES;
				IPHONEOS_DEPLOYMENT_TARGET = 18.4;
				MARKETING_VERSION = 1.0;
				PRODUCT_BUNDLE_IDENTIFIER = com.tannerflake.KeeperTests;
				PRODUCT_NAME = "$(TARGET_NAME)";
				SWIFT_EMIT_LOC_STRINGS = NO;
				SWIFT_VERSION = 5.0;
				TARGETED_DEVICE_FAMILY = "1,2";
				TEST_HOST = "$(BUILT_PRODUCTS_DIR)/Keeper.app/$(BUNDLE_EXECUTABLE_FOLDER_PATH)/Keeper";
			};
			name = Release;
		};
		8BA259162DADCA0500E44C3E /* Debug */ = {
			isa = XCBuildConfiguration;
			buildSettings = {
				CODE_SIGN_STYLE = Automatic;
				CURRENT_PROJECT_VERSION = 1;
				DEVELOPMENT_TEAM = T32N9X64JM;
				GENERATE_INFOPLIST_FILE = YES;
				MARKETING_VERSION = 1.0;
				PRODUCT_BUNDLE_IDENTIFIER = com.tannerflake.KeeperUITests;
				PRODUCT_NAME = "$(TARGET_NAME)";
				SWIFT_EMIT_LOC_STRINGS = NO;
				SWIFT_VERSION = 5.0;
				TARGETED_DEVICE_FAMILY = "1,2";
				TEST_TARGET_NAME = Keeper;
			};
			name = Debug;
		};
		8BA259172DADCA0500E44C3E /* Release */ = {
			isa = XCBuildConfiguration;
			buildSettings = {
				CODE_SIGN_STYLE = Automatic;
				CURRENT_PROJECT_VERSION = 1;
				DEVELOPMENT_TEAM = T32N9X64JM;
				GENERATE_INFOPLIST_FILE = YES;
				MARKETING_VERSION = 1.0;
				PRODUCT_BUNDLE_IDENTIFIER = com.tannerflake.KeeperUITests;
				PRODUCT_NAME = "$(TARGET_NAME)";
				SWIFT_EMIT_LOC_STRINGS = NO;
				SWIFT_VERSION = 5.0;
				TARGETED_DEVICE_FAMILY = "1,2";
				TEST_TARGET_NAME = Keeper;
			};
			name = Release;
		};
/* End XCBuildConfiguration section */

/* Begin XCConfigurationList section */
		8B962CCE2DAEFBB6006558C7 /* Build configuration list for PBXNativeTarget "KeeperUsageReport" */ = {
			isa = XCConfigurationList;
			buildConfigurations = (
				8B962CCF2DAEFBB6006558C7 /* Debug */,
				8B962CD02DAEFBB6006558C7 /* Release */,
			);
			defaultConfigurationIsVisible = 0;
			defaultConfigurationName = Release;
		};
		8BA258E92DADCA0400E44C3E /* Build configuration list for PBXProject "Keeper" */ = {
			isa = XCConfigurationList;
			buildConfigurations = (
				8BA2590D2DADCA0500E44C3E /* Debug */,
				8BA2590E2DADCA0500E44C3E /* Release */,
			);
			defaultConfigurationIsVisible = 0;
			defaultConfigurationName = Release;
		};
		8BA2590F2DADCA0500E44C3E /* Build configuration list for PBXNativeTarget "Keeper" */ = {
			isa = XCConfigurationList;
			buildConfigurations = (
				8BA259102DADCA0500E44C3E /* Debug */,
				8BA259112DADCA0500E44C3E /* Release */,
			);
			defaultConfigurationIsVisible = 0;
			defaultConfigurationName = Release;
		};
		8BA259122DADCA0500E44C3E /* Build configuration list for PBXNativeTarget "KeeperTests" */ = {
			isa = XCConfigurationList;
			buildConfigurations = (
				8BA259132DADCA0500E44C3E /* Debug */,
				8BA259142DADCA0500E44C3E /* Release */,
			);
			defaultConfigurationIsVisible = 0;
			defaultConfigurationName = Release;
		};
		8BA259152DADCA0500E44C3E /* Build configuration list for PBXNativeTarget "KeeperUITests" */ = {
			isa = XCConfigurationList;
			buildConfigurations = (
				8BA259162DADCA0500E44C3E /* Debug */,
				8BA259172DADCA0500E44C3E /* Release */,
			);
			defaultConfigurationIsVisible = 0;
			defaultConfigurationName = Release;
		};
/* End XCConfigurationList section */
	};
	rootObject = 8BA258E62DADCA0400E44C3E /* Project object */;
}
